
Microsoft Visual Studio Solution File, Format Version 12.00
Project("{FAE04EC0-301F-11D3-BF4B-00C04F79EFBC}") = "Interop.SDL", "production\Interop.SDL\Interop.SDL.csproj", "{D0AB6E66-7DB1-4B71-9D63-E8C3F13D0778}"
EndProject
Project("{2150E333-8FDC-42A3-9474-1A3956D46DE8}") = "production", "production", "{2B1767DB-F2E1-4E1C-A298-BBDF11780CAC}"
EndProject
Project("{2150E333-8FDC-42A3-9474-1A3956D46DE8}") = "examples", "examples", "{30080C76-D8B2-450A-9C35-5B304A05B3DD}"
EndProject
Project("{FAE04EC0-301F-11D3-BF4B-00C04F79EFBC}") = "_01-Hello", "examples\_01-Hello\_01-Hello.csproj", "{AE5675B2-BF73-4BA8-97F3-6038AD21AB30}"
EndProject
Project("{FAE04EC0-301F-11D3-BF4B-00C04F79EFBC}") = "_02-GettingAnImageOnScreen", "examples\_02-GettingAnImageOnScreen\_02-GettingAnImageOnScreen.csproj", "{B246E5BE-0365-4244-8C5E-E062C69DE4DD}"
EndProject
Project("{FAE04EC0-301F-11D3-BF4B-00C04F79EFBC}") = "_03-EventDrivenProgramming", "examples\_03-EventDrivenProgramming\_03-EventDrivenProgramming.csproj", "{3074CF51-51A7-4A78-9C5A-F79AB5AA8EC7}"
EndProject
Project("{FAE04EC0-301F-11D3-BF4B-00C04F79EFBC}") = "_04-KeyPresses", "examples\_04-KeyPresses\_04-KeyPresses.csproj", "{C37EF1D8-BFEC-4C3A-A7DC-360A29A30CEF}"
EndProject
Project("{FAE04EC0-301F-11D3-BF4B-00C04F79EFBC}") = "_05-OptimizedSurfaceLoadingAndSoftStretching", "examples\_05-OptimizedSurfaceLoadingAndSoftStretching\_05-OptimizedSurfaceLoadingAndSoftStretching.csproj", "{1BE82D9D-941F-4BCB-BFCF-519DD57F5D89}"
EndProject
Global
	GlobalSection(SolutionConfigurationPlatforms) = preSolution
		Debug|Any CPU = Debug|Any CPU
		Release|Any CPU = Release|Any CPU
	EndGlobalSection
	GlobalSection(ProjectConfigurationPlatforms) = postSolution
		{D0AB6E66-7DB1-4B71-9D63-E8C3F13D0778}.Debug|Any CPU.ActiveCfg = Debug|Any CPU
		{D0AB6E66-7DB1-4B71-9D63-E8C3F13D0778}.Debug|Any CPU.Build.0 = Debug|Any CPU
		{D0AB6E66-7DB1-4B71-9D63-E8C3F13D0778}.Release|Any CPU.ActiveCfg = Release|Any CPU
		{D0AB6E66-7DB1-4B71-9D63-E8C3F13D0778}.Release|Any CPU.Build.0 = Release|Any CPU
		{AE5675B2-BF73-4BA8-97F3-6038AD21AB30}.Debug|Any CPU.ActiveCfg = Debug|Any CPU
		{AE5675B2-BF73-4BA8-97F3-6038AD21AB30}.Debug|Any CPU.Build.0 = Debug|Any CPU
		{AE5675B2-BF73-4BA8-97F3-6038AD21AB30}.Release|Any CPU.ActiveCfg = Release|Any CPU
		{AE5675B2-BF73-4BA8-97F3-6038AD21AB30}.Release|Any CPU.Build.0 = Release|Any CPU
		{B246E5BE-0365-4244-8C5E-E062C69DE4DD}.Debug|Any CPU.ActiveCfg = Debug|Any CPU
		{B246E5BE-0365-4244-8C5E-E062C69DE4DD}.Debug|Any CPU.Build.0 = Debug|Any CPU
		{B246E5BE-0365-4244-8C5E-E062C69DE4DD}.Release|Any CPU.ActiveCfg = Release|Any CPU
		{B246E5BE-0365-4244-8C5E-E062C69DE4DD}.Release|Any CPU.Build.0 = Release|Any CPU
		{3074CF51-51A7-4A78-9C5A-F79AB5AA8EC7}.Debug|Any CPU.ActiveCfg = Debug|Any CPU
		{3074CF51-51A7-4A78-9C5A-F79AB5AA8EC7}.Debug|Any CPU.Build.0 = Debug|Any CPU
		{3074CF51-51A7-4A78-9C5A-F79AB5AA8EC7}.Release|Any CPU.ActiveCfg = Release|Any CPU
		{3074CF51-51A7-4A78-9C5A-F79AB5AA8EC7}.Release|Any CPU.Build.0 = Release|Any CPU
		{C37EF1D8-BFEC-4C3A-A7DC-360A29A30CEF}.Debug|Any CPU.ActiveCfg = Debug|Any CPU
		{C37EF1D8-BFEC-4C3A-A7DC-360A29A30CEF}.Debug|Any CPU.Build.0 = Debug|Any CPU
		{C37EF1D8-BFEC-4C3A-A7DC-360A29A30CEF}.Release|Any CPU.ActiveCfg = Release|Any CPU
		{C37EF1D8-BFEC-4C3A-A7DC-360A29A30CEF}.Release|Any CPU.Build.0 = Release|Any CPU
		{1BE82D9D-941F-4BCB-BFCF-519DD57F5D89}.Debug|Any CPU.ActiveCfg = Debug|Any CPU
		{1BE82D9D-941F-4BCB-BFCF-519DD57F5D89}.Debug|Any CPU.Build.0 = Debug|Any CPU
		{1BE82D9D-941F-4BCB-BFCF-519DD57F5D89}.Release|Any CPU.ActiveCfg = Release|Any CPU
		{1BE82D9D-941F-4BCB-BFCF-519DD57F5D89}.Release|Any CPU.Build.0 = Release|Any CPU
	EndGlobalSection
	GlobalSection(NestedProjects) = preSolution
		{D0AB6E66-7DB1-4B71-9D63-E8C3F13D0778} = {2B1767DB-F2E1-4E1C-A298-BBDF11780CAC}
		{AE5675B2-BF73-4BA8-97F3-6038AD21AB30} = {30080C76-D8B2-450A-9C35-5B304A05B3DD}
		{B246E5BE-0365-4244-8C5E-E062C69DE4DD} = {30080C76-D8B2-450A-9C35-5B304A05B3DD}
		{3074CF51-51A7-4A78-9C5A-F79AB5AA8EC7} = {30080C76-D8B2-450A-9C35-5B304A05B3DD}
		{C37EF1D8-BFEC-4C3A-A7DC-360A29A30CEF} = {30080C76-D8B2-450A-9C35-5B304A05B3DD}
		{1BE82D9D-941F-4BCB-BFCF-519DD57F5D89} = {30080C76-D8B2-450A-9C35-5B304A05B3DD}
	EndGlobalSection
EndGlobal
