
Microsoft Visual Studio Solution File, Format Version 12.00
Project("{2150E333-8FDC-42A3-9474-1A3956D46DE8}") = "Examples", "Examples", "{9E1476CE-E22E-44FD-ABC4-93625DDBBA99}"
EndProject
Project("{FAE04EC0-301F-11D3-BF4B-00C04F79EFBC}") = "HelloWorld", "src\cs\samples\HelloWorld\HelloWorld.csproj", "{A3C2CCD0-3D6E-4356-916D-B67E220646F7}"
EndProject
Project("{2150E333-8FDC-42A3-9474-1A3956D46DE8}") = "Production", "Production", "{39423871-7923-4AFB-A756-35E17FCBA274}"
EndProject
Project("{FAE04EC0-301F-11D3-BF4B-00C04F79EFBC}") = "SDL", "src\cs\production\SDL\SDL.csproj", "{AC4DED33-B654-45A9-AF61-C2897809E2C0}"
EndProject
Global
	GlobalSection(SolutionConfigurationPlatforms) = preSolution
		Debug|Any CPU = Debug|Any CPU
		Release|Any CPU = Release|Any CPU
	EndGlobalSection
	GlobalSection(ProjectConfigurationPlatforms) = postSolution
		{A3C2CCD0-3D6E-4356-916D-B67E220646F7}.Debug|Any CPU.ActiveCfg = Debug|Any CPU
		{A3C2CCD0-3D6E-4356-916D-B67E220646F7}.Debug|Any CPU.Build.0 = Debug|Any CPU
		{A3C2CCD0-3D6E-4356-916D-B67E220646F7}.Release|Any CPU.ActiveCfg = Release|Any CPU
		{A3C2CCD0-3D6E-4356-916D-B67E220646F7}.Release|Any CPU.Build.0 = Release|Any CPU
		{AC4DED33-B654-45A9-AF61-C2897809E2C0}.Debug|Any CPU.ActiveCfg = Debug|Any CPU
		{AC4DED33-B654-45A9-AF61-C2897809E2C0}.Debug|Any CPU.Build.0 = Debug|Any CPU
		{AC4DED33-B654-45A9-AF61-C2897809E2C0}.Release|Any CPU.ActiveCfg = Release|Any CPU
		{AC4DED33-B654-45A9-AF61-C2897809E2C0}.Release|Any CPU.Build.0 = Release|Any CPU
	EndGlobalSection
	GlobalSection(NestedProjects) = preSolution
		{A3C2CCD0-3D6E-4356-916D-B67E220646F7} = {9E1476CE-E22E-44FD-ABC4-93625DDBBA99}
		{AC4DED33-B654-45A9-AF61-C2897809E2C0} = {39423871-7923-4AFB-A756-35E17FCBA274}
	EndGlobalSection
EndGlobal
